
Microsoft Visual Studio Solution File, Format Version 12.00
# Visual Studio Version 16
VisualStudioVersion = 16.0.29519.181
MinimumVisualStudioVersion = 10.0.40219.1
Project("{9A19103F-16F7-4668-BE54-9A1E7A4F7556}") = "TestExample", "TestExample\TestExample.csproj", "{1C83BCD1-BDD1-419E-A949-F6D1ECE8940F}"
EndProject
Project("{9A19103F-16F7-4668-BE54-9A1E7A4F7556}") = "IRTrainDotNet", "IrTrainDotNet\IRTrainDotNet.csproj", "{F9576065-C60A-4233-9339-38053D6B1021}"
EndProject
Project("{2150E333-8FDC-42A3-9474-1A3956D46DE8}") = "Docs", "Docs", "{5B9B8AB0-B1AB-4E7D-A9A3-263B9C7B1E5A}"
	ProjectSection(SolutionItems) = preProject
		C:\Users\Key1-lab\Desktop\Documentationv1.9.3.pdf = C:\Users\Key1-lab\Desktop\Documentationv1.9.3.pdf
	EndProjectSection
EndProject
Global
	GlobalSection(SolutionConfigurationPlatforms) = preSolution
		Debug|Any CPU = Debug|Any CPU
		Release|Any CPU = Release|Any CPU
	EndGlobalSection
	GlobalSection(ProjectConfigurationPlatforms) = postSolution
		{1C83BCD1-BDD1-419E-A949-F6D1ECE8940F}.Debug|Any CPU.ActiveCfg = Debug|Any CPU
		{1C83BCD1-BDD1-419E-A949-F6D1ECE8940F}.Debug|Any CPU.Build.0 = Debug|Any CPU
		{1C83BCD1-BDD1-419E-A949-F6D1ECE8940F}.Release|Any CPU.ActiveCfg = Release|Any CPU
		{1C83BCD1-BDD1-419E-A949-F6D1ECE8940F}.Release|Any CPU.Build.0 = Release|Any CPU
		{F9576065-C60A-4233-9339-38053D6B1021}.Debug|Any CPU.ActiveCfg = Debug|Any CPU
		{F9576065-C60A-4233-9339-38053D6B1021}.Debug|Any CPU.Build.0 = Debug|Any CPU
		{F9576065-C60A-4233-9339-38053D6B1021}.Release|Any CPU.ActiveCfg = Release|Any CPU
		{F9576065-C60A-4233-9339-38053D6B1021}.Release|Any CPU.Build.0 = Release|Any CPU
	EndGlobalSection
	GlobalSection(SolutionProperties) = preSolution
		HideSolutionNode = FALSE
	EndGlobalSection
	GlobalSection(ExtensibilityGlobals) = postSolution
		SolutionGuid = {DD467A71-AB84-403D-B3BE-F9FBFCF1F4E0}
	EndGlobalSection
EndGlobal
